
Microsoft Visual Studio Solution File, Format Version 12.00
# Visual Studio Version 17
VisualStudioVersion = 17.0.31903.59
MinimumVisualStudioVersion = 10.0.40219.1
Project("{FAE04EC0-301F-11D3-BF4B-00C04F79EFBC}") = "AdventUtilities", "AdventUtilities\AdventUtilities.csproj", "{ABD55E33-35D5-41B1-A9AB-D41276AA191B}"
EndProject
Project("{FAE04EC0-301F-11D3-BF4B-00C04F79EFBC}") = "Day01", "Day01\Day01.csproj", "{F5731ADC-8727-4FF3-9114-130E4E73321D}"
EndProject
Project("{FAE04EC0-301F-11D3-BF4B-00C04F79EFBC}") = "Day02", "Day02\Day02.csproj", "{2E6A094C-66DB-420B-A2A0-ABB28252A006}"
EndProject
Project("{FAE04EC0-301F-11D3-BF4B-00C04F79EFBC}") = "Day03", "Day03\Day03.csproj", "{30091B5A-EDB6-446D-8110-1FC4EA64C5C2}"
EndProject
Project("{FAE04EC0-301F-11D3-BF4B-00C04F79EFBC}") = "Day04", "Day04\Day04.csproj", "{5A7FDE49-CF2C-43E3-94C8-78E675B56FB9}"
EndProject
Project("{FAE04EC0-301F-11D3-BF4B-00C04F79EFBC}") = "Day04.Tests", "Day04.Tests\Day04.Tests.csproj", "{3E6DEEE5-636C-49D8-96D0-883ED109941C}"
EndProject
Project("{FAE04EC0-301F-11D3-BF4B-00C04F79EFBC}") = "Day05", "Day05\Day05.csproj", "{08640438-B1A6-4470-BADB-739BB232C439}"
EndProject
Project("{FAE04EC0-301F-11D3-BF4B-00C04F79EFBC}") = "Day05.Tests", "Day05.Tests\Day05.Tests.csproj", "{FC2D0B7B-D593-4B95-A900-AEF1E3D23F2D}"
EndProject
Project("{FAE04EC0-301F-11D3-BF4B-00C04F79EFBC}") = "Day06", "Day06\Day06.csproj", "{CF115B42-15DA-48E6-B512-1D7860EAADC6}"
EndProject
Project("{FAE04EC0-301F-11D3-BF4B-00C04F79EFBC}") = "Day06.Tests", "Day06.Tests\Day06.Tests.csproj", "{ABE2B775-9E4C-43AC-A393-59A1250935AD}"
EndProject
Project("{FAE04EC0-301F-11D3-BF4B-00C04F79EFBC}") = "Day07", "Day07\Day07.csproj", "{DDC57430-D2FA-4045-A23C-DB508F0893C8}"
EndProject
Project("{FAE04EC0-301F-11D3-BF4B-00C04F79EFBC}") = "Day07.Tests", "Day07.Tests\Day07.Tests.csproj", "{7AAFAD61-1B01-4D2A-B54F-CECA2F05C25B}"
EndProject
Project("{FAE04EC0-301F-11D3-BF4B-00C04F79EFBC}") = "Day08", "Day08\Day08.csproj", "{087495E9-FABE-4ACB-ACE4-CD28030D002E}"
EndProject
Project("{FAE04EC0-301F-11D3-BF4B-00C04F79EFBC}") = "Day08.Tests", "Day08.Tests\Day08.Tests.csproj", "{A285E6D1-5DE1-4D9E-B60E-68E6E10C96D0}"
EndProject
Project("{F2A71F9B-5D33-465A-A702-920D77279786}") = "Day01F", "Day01F\Day01F.fsproj", "{38DCC15B-08CA-4B79-89ED-E5AAEE48BC6B}"
EndProject
Project("{FAE04EC0-301F-11D3-BF4B-00C04F79EFBC}") = "Day09", "Day09\Day09.csproj", "{F607E57D-0978-467C-901E-CB62E469040F}"
EndProject
Project("{FAE04EC0-301F-11D3-BF4B-00C04F79EFBC}") = "Day09.Tests", "Day09.Tests\Day09.Tests.csproj", "{12AA6A8E-F011-4461-825A-9DFF42AB5FED}"
EndProject
Project("{FAE04EC0-301F-11D3-BF4B-00C04F79EFBC}") = "Day10", "Day10\Day10.csproj", "{CB980C37-F606-4DBD-B237-870CF87A4B2A}"
EndProject
Project("{FAE04EC0-301F-11D3-BF4B-00C04F79EFBC}") = "Day10.Tests", "Day10.Tests\Day10.Tests.csproj", "{4C5E1F1E-CCBB-4A1F-AB4E-3014CAE7A097}"
EndProject
Global
	GlobalSection(SolutionConfigurationPlatforms) = preSolution
		Debug|Any CPU = Debug|Any CPU
		Release|Any CPU = Release|Any CPU
	EndGlobalSection
	GlobalSection(ProjectConfigurationPlatforms) = postSolution
		{ABD55E33-35D5-41B1-A9AB-D41276AA191B}.Debug|Any CPU.ActiveCfg = Debug|Any CPU
		{ABD55E33-35D5-41B1-A9AB-D41276AA191B}.Debug|Any CPU.Build.0 = Debug|Any CPU
		{ABD55E33-35D5-41B1-A9AB-D41276AA191B}.Release|Any CPU.ActiveCfg = Release|Any CPU
		{ABD55E33-35D5-41B1-A9AB-D41276AA191B}.Release|Any CPU.Build.0 = Release|Any CPU
		{F5731ADC-8727-4FF3-9114-130E4E73321D}.Debug|Any CPU.ActiveCfg = Debug|Any CPU
		{F5731ADC-8727-4FF3-9114-130E4E73321D}.Debug|Any CPU.Build.0 = Debug|Any CPU
		{F5731ADC-8727-4FF3-9114-130E4E73321D}.Release|Any CPU.ActiveCfg = Release|Any CPU
		{F5731ADC-8727-4FF3-9114-130E4E73321D}.Release|Any CPU.Build.0 = Release|Any CPU
		{2E6A094C-66DB-420B-A2A0-ABB28252A006}.Debug|Any CPU.ActiveCfg = Debug|Any CPU
		{2E6A094C-66DB-420B-A2A0-ABB28252A006}.Debug|Any CPU.Build.0 = Debug|Any CPU
		{2E6A094C-66DB-420B-A2A0-ABB28252A006}.Release|Any CPU.ActiveCfg = Release|Any CPU
		{2E6A094C-66DB-420B-A2A0-ABB28252A006}.Release|Any CPU.Build.0 = Release|Any CPU
		{30091B5A-EDB6-446D-8110-1FC4EA64C5C2}.Debug|Any CPU.ActiveCfg = Debug|Any CPU
		{30091B5A-EDB6-446D-8110-1FC4EA64C5C2}.Debug|Any CPU.Build.0 = Debug|Any CPU
		{30091B5A-EDB6-446D-8110-1FC4EA64C5C2}.Release|Any CPU.ActiveCfg = Release|Any CPU
		{30091B5A-EDB6-446D-8110-1FC4EA64C5C2}.Release|Any CPU.Build.0 = Release|Any CPU
		{5A7FDE49-CF2C-43E3-94C8-78E675B56FB9}.Debug|Any CPU.ActiveCfg = Debug|Any CPU
		{5A7FDE49-CF2C-43E3-94C8-78E675B56FB9}.Debug|Any CPU.Build.0 = Debug|Any CPU
		{5A7FDE49-CF2C-43E3-94C8-78E675B56FB9}.Release|Any CPU.ActiveCfg = Release|Any CPU
		{5A7FDE49-CF2C-43E3-94C8-78E675B56FB9}.Release|Any CPU.Build.0 = Release|Any CPU
		{3E6DEEE5-636C-49D8-96D0-883ED109941C}.Debug|Any CPU.ActiveCfg = Debug|Any CPU
		{3E6DEEE5-636C-49D8-96D0-883ED109941C}.Debug|Any CPU.Build.0 = Debug|Any CPU
		{3E6DEEE5-636C-49D8-96D0-883ED109941C}.Release|Any CPU.ActiveCfg = Release|Any CPU
		{3E6DEEE5-636C-49D8-96D0-883ED109941C}.Release|Any CPU.Build.0 = Release|Any CPU
		{08640438-B1A6-4470-BADB-739BB232C439}.Debug|Any CPU.ActiveCfg = Debug|Any CPU
		{08640438-B1A6-4470-BADB-739BB232C439}.Debug|Any CPU.Build.0 = Debug|Any CPU
		{08640438-B1A6-4470-BADB-739BB232C439}.Release|Any CPU.ActiveCfg = Release|Any CPU
		{08640438-B1A6-4470-BADB-739BB232C439}.Release|Any CPU.Build.0 = Release|Any CPU
		{FC2D0B7B-D593-4B95-A900-AEF1E3D23F2D}.Debug|Any CPU.ActiveCfg = Debug|Any CPU
		{FC2D0B7B-D593-4B95-A900-AEF1E3D23F2D}.Debug|Any CPU.Build.0 = Debug|Any CPU
		{FC2D0B7B-D593-4B95-A900-AEF1E3D23F2D}.Release|Any CPU.ActiveCfg = Release|Any CPU
		{FC2D0B7B-D593-4B95-A900-AEF1E3D23F2D}.Release|Any CPU.Build.0 = Release|Any CPU
		{CF115B42-15DA-48E6-B512-1D7860EAADC6}.Debug|Any CPU.ActiveCfg = Debug|Any CPU
		{CF115B42-15DA-48E6-B512-1D7860EAADC6}.Debug|Any CPU.Build.0 = Debug|Any CPU
		{CF115B42-15DA-48E6-B512-1D7860EAADC6}.Release|Any CPU.ActiveCfg = Release|Any CPU
		{CF115B42-15DA-48E6-B512-1D7860EAADC6}.Release|Any CPU.Build.0 = Release|Any CPU
		{ABE2B775-9E4C-43AC-A393-59A1250935AD}.Debug|Any CPU.ActiveCfg = Debug|Any CPU
		{ABE2B775-9E4C-43AC-A393-59A1250935AD}.Debug|Any CPU.Build.0 = Debug|Any CPU
		{ABE2B775-9E4C-43AC-A393-59A1250935AD}.Release|Any CPU.ActiveCfg = Release|Any CPU
		{ABE2B775-9E4C-43AC-A393-59A1250935AD}.Release|Any CPU.Build.0 = Release|Any CPU
		{DDC57430-D2FA-4045-A23C-DB508F0893C8}.Debug|Any CPU.ActiveCfg = Debug|Any CPU
		{DDC57430-D2FA-4045-A23C-DB508F0893C8}.Debug|Any CPU.Build.0 = Debug|Any CPU
		{DDC57430-D2FA-4045-A23C-DB508F0893C8}.Release|Any CPU.ActiveCfg = Release|Any CPU
		{DDC57430-D2FA-4045-A23C-DB508F0893C8}.Release|Any CPU.Build.0 = Release|Any CPU
		{7AAFAD61-1B01-4D2A-B54F-CECA2F05C25B}.Debug|Any CPU.ActiveCfg = Debug|Any CPU
		{7AAFAD61-1B01-4D2A-B54F-CECA2F05C25B}.Debug|Any CPU.Build.0 = Debug|Any CPU
		{7AAFAD61-1B01-4D2A-B54F-CECA2F05C25B}.Release|Any CPU.ActiveCfg = Release|Any CPU
		{7AAFAD61-1B01-4D2A-B54F-CECA2F05C25B}.Release|Any CPU.Build.0 = Release|Any CPU
		{087495E9-FABE-4ACB-ACE4-CD28030D002E}.Debug|Any CPU.ActiveCfg = Debug|Any CPU
		{087495E9-FABE-4ACB-ACE4-CD28030D002E}.Debug|Any CPU.Build.0 = Debug|Any CPU
		{087495E9-FABE-4ACB-ACE4-CD28030D002E}.Release|Any CPU.ActiveCfg = Release|Any CPU
		{087495E9-FABE-4ACB-ACE4-CD28030D002E}.Release|Any CPU.Build.0 = Release|Any CPU
		{A285E6D1-5DE1-4D9E-B60E-68E6E10C96D0}.Debug|Any CPU.ActiveCfg = Debug|Any CPU
		{A285E6D1-5DE1-4D9E-B60E-68E6E10C96D0}.Debug|Any CPU.Build.0 = Debug|Any CPU
		{A285E6D1-5DE1-4D9E-B60E-68E6E10C96D0}.Release|Any CPU.ActiveCfg = Release|Any CPU
		{A285E6D1-5DE1-4D9E-B60E-68E6E10C96D0}.Release|Any CPU.Build.0 = Release|Any CPU
		{38DCC15B-08CA-4B79-89ED-E5AAEE48BC6B}.Debug|Any CPU.ActiveCfg = Debug|Any CPU
		{38DCC15B-08CA-4B79-89ED-E5AAEE48BC6B}.Debug|Any CPU.Build.0 = Debug|Any CPU
		{38DCC15B-08CA-4B79-89ED-E5AAEE48BC6B}.Release|Any CPU.ActiveCfg = Release|Any CPU
		{38DCC15B-08CA-4B79-89ED-E5AAEE48BC6B}.Release|Any CPU.Build.0 = Release|Any CPU
		{F607E57D-0978-467C-901E-CB62E469040F}.Debug|Any CPU.ActiveCfg = Debug|Any CPU
		{F607E57D-0978-467C-901E-CB62E469040F}.Debug|Any CPU.Build.0 = Debug|Any CPU
		{F607E57D-0978-467C-901E-CB62E469040F}.Release|Any CPU.ActiveCfg = Release|Any CPU
		{F607E57D-0978-467C-901E-CB62E469040F}.Release|Any CPU.Build.0 = Release|Any CPU
		{12AA6A8E-F011-4461-825A-9DFF42AB5FED}.Debug|Any CPU.ActiveCfg = Debug|Any CPU
		{12AA6A8E-F011-4461-825A-9DFF42AB5FED}.Debug|Any CPU.Build.0 = Debug|Any CPU
		{12AA6A8E-F011-4461-825A-9DFF42AB5FED}.Release|Any CPU.ActiveCfg = Release|Any CPU
		{12AA6A8E-F011-4461-825A-9DFF42AB5FED}.Release|Any CPU.Build.0 = Release|Any CPU
		{CB980C37-F606-4DBD-B237-870CF87A4B2A}.Debug|Any CPU.ActiveCfg = Debug|Any CPU
		{CB980C37-F606-4DBD-B237-870CF87A4B2A}.Debug|Any CPU.Build.0 = Debug|Any CPU
		{CB980C37-F606-4DBD-B237-870CF87A4B2A}.Release|Any CPU.ActiveCfg = Release|Any CPU
		{CB980C37-F606-4DBD-B237-870CF87A4B2A}.Release|Any CPU.Build.0 = Release|Any CPU
		{4C5E1F1E-CCBB-4A1F-AB4E-3014CAE7A097}.Debug|Any CPU.ActiveCfg = Debug|Any CPU
		{4C5E1F1E-CCBB-4A1F-AB4E-3014CAE7A097}.Debug|Any CPU.Build.0 = Debug|Any CPU
		{4C5E1F1E-CCBB-4A1F-AB4E-3014CAE7A097}.Release|Any CPU.ActiveCfg = Release|Any CPU
		{4C5E1F1E-CCBB-4A1F-AB4E-3014CAE7A097}.Release|Any CPU.Build.0 = Release|Any CPU
	EndGlobalSection
	GlobalSection(SolutionProperties) = preSolution
		HideSolutionNode = FALSE
	EndGlobalSection
EndGlobal
