
Microsoft Visual Studio Solution File, Format Version 12.00
# Visual Studio Version 17
VisualStudioVersion = 17.0.31903.59
MinimumVisualStudioVersion = 10.0.40219.1
Project("{FAE04EC0-301F-11D3-BF4B-00C04F79EFBC}") = "AdventUtilities", "AdventUtilities\AdventUtilities.csproj", "{ABD55E33-35D5-41B1-A9AB-D41276AA191B}"
EndProject
Project("{FAE04EC0-301F-11D3-BF4B-00C04F79EFBC}") = "Day01", "Day01\Day01.csproj", "{F5731ADC-8727-4FF3-9114-130E4E73321D}"
EndProject
Project("{FAE04EC0-301F-11D3-BF4B-00C04F79EFBC}") = "Day02", "Day02\Day02.csproj", "{2E6A094C-66DB-420B-A2A0-ABB28252A006}"
EndProject
Project("{FAE04EC0-301F-11D3-BF4B-00C04F79EFBC}") = "Day03", "Day03\Day03.csproj", "{30091B5A-EDB6-446D-8110-1FC4EA64C5C2}"
EndProject
Project("{FAE04EC0-301F-11D3-BF4B-00C04F79EFBC}") = "Day04", "Day04\Day04.csproj", "{5A7FDE49-CF2C-43E3-94C8-78E675B56FB9}"
EndProject
Project("{FAE04EC0-301F-11D3-BF4B-00C04F79EFBC}") = "Day04.Tests", "Day04.Tests\Day04.Tests.csproj", "{3E6DEEE5-636C-49D8-96D0-883ED109941C}"
EndProject
Project("{FAE04EC0-301F-11D3-BF4B-00C04F79EFBC}") = "Day05", "Day05\Day05.csproj", "{08640438-B1A6-4470-BADB-739BB232C439}"
EndProject
Project("{FAE04EC0-301F-11D3-BF4B-00C04F79EFBC}") = "Day05.Tests", "Day05.Tests\Day05.Tests.csproj", "{FC2D0B7B-D593-4B95-A900-AEF1E3D23F2D}"
EndProject
Project("{FAE04EC0-301F-11D3-BF4B-00C04F79EFBC}") = "Day06", "Day06\Day06.csproj", "{CF115B42-15DA-48E6-B512-1D7860EAADC6}"
EndProject
Project("{FAE04EC0-301F-11D3-BF4B-00C04F79EFBC}") = "Day06.Tests", "Day06.Tests\Day06.Tests.csproj", "{ABE2B775-9E4C-43AC-A393-59A1250935AD}"
EndProject
Project("{FAE04EC0-301F-11D3-BF4B-00C04F79EFBC}") = "Day07", "Day07\Day07.csproj", "{DDC57430-D2FA-4045-A23C-DB508F0893C8}"
EndProject
Project("{FAE04EC0-301F-11D3-BF4B-00C04F79EFBC}") = "Day07.Tests", "Day07.Tests\Day07.Tests.csproj", "{7AAFAD61-1B01-4D2A-B54F-CECA2F05C25B}"
EndProject
Project("{FAE04EC0-301F-11D3-BF4B-00C04F79EFBC}") = "Day08", "Day08\Day08.csproj", "{087495E9-FABE-4ACB-ACE4-CD28030D002E}"
EndProject
Project("{FAE04EC0-301F-11D3-BF4B-00C04F79EFBC}") = "Day08.Tests", "Day08.Tests\Day08.Tests.csproj", "{A285E6D1-5DE1-4D9E-B60E-68E6E10C96D0}"
EndProject
Project("{FAE04EC0-301F-11D3-BF4B-00C04F79EFBC}") = "Day09", "Day09\Day09.csproj", "{F607E57D-0978-467C-901E-CB62E469040F}"
EndProject
Project("{FAE04EC0-301F-11D3-BF4B-00C04F79EFBC}") = "Day09.Tests", "Day09.Tests\Day09.Tests.csproj", "{12AA6A8E-F011-4461-825A-9DFF42AB5FED}"
EndProject
Project("{FAE04EC0-301F-11D3-BF4B-00C04F79EFBC}") = "Day10", "Day10\Day10.csproj", "{CB980C37-F606-4DBD-B237-870CF87A4B2A}"
EndProject
Project("{FAE04EC0-301F-11D3-BF4B-00C04F79EFBC}") = "Day10.Tests", "Day10.Tests\Day10.Tests.csproj", "{4C5E1F1E-CCBB-4A1F-AB4E-3014CAE7A097}"
EndProject
Project("{FAE04EC0-301F-11D3-BF4B-00C04F79EFBC}") = "Day11", "Day11\Day11.csproj", "{61CAE3DD-736F-4D9E-AE87-D297376072C8}"
EndProject
Project("{FAE04EC0-301F-11D3-BF4B-00C04F79EFBC}") = "Day11.Tests", "Day11.Tests\Day11.Tests.csproj", "{754356DC-15E9-4F86-85C9-F65858F917D7}"
EndProject
Project("{FAE04EC0-301F-11D3-BF4B-00C04F79EFBC}") = "Day12", "Day12\Day12.csproj", "{4216C0FB-CCFB-43AD-B6FE-F64FE91AE389}"
EndProject
Project("{FAE04EC0-301F-11D3-BF4B-00C04F79EFBC}") = "Day12.Tests", "Day12.Tests\Day12.Tests.csproj", "{E09F8096-A336-4671-A3BB-34DA781125E1}"
EndProject
Project("{FAE04EC0-301F-11D3-BF4B-00C04F79EFBC}") = "Day13", "Day13\Day13.csproj", "{1431CF82-5EBF-4BC7-9EC8-4F44B07364E9}"
EndProject
Project("{FAE04EC0-301F-11D3-BF4B-00C04F79EFBC}") = "Day13.Tests", "Day13.Tests\Day13.Tests.csproj", "{55348CEB-EE7A-4C91-9BDD-8B13A142290F}"
EndProject
Project("{FAE04EC0-301F-11D3-BF4B-00C04F79EFBC}") = "Day14", "Day14\Day14.csproj", "{AF99A437-2A6E-4D48-B86C-EA713C3B5C48}"
EndProject
Project("{FAE04EC0-301F-11D3-BF4B-00C04F79EFBC}") = "Day14.Tests", "DAy14.Tests\Day14.Tests.csproj", "{C613F5D5-A483-4FA9-828F-F65AC001F67F}"
EndProject
Project("{FAE04EC0-301F-11D3-BF4B-00C04F79EFBC}") = "Day15", "Day15\Day15.csproj", "{0A05428D-3C8C-477C-A209-A0062F969A9B}"
EndProject
Project("{FAE04EC0-301F-11D3-BF4B-00C04F79EFBC}") = "Day15.Tests", "Day15.Tests\Day15.Tests.csproj", "{FE6731D9-7DBD-4BC5-B5BC-9BF6DF6A26B0}"
EndProject
Project("{FAE04EC0-301F-11D3-BF4B-00C04F79EFBC}") = "Day16", "Day16\Day16.csproj", "{2EEDE1B8-7397-450F-9809-B1E763D023CD}"
EndProject
Project("{FAE04EC0-301F-11D3-BF4B-00C04F79EFBC}") = "Day16.Tests", "Day16.Tests\Day16.Tests.csproj", "{68C1F495-8802-405D-800F-7773D239A94D}"
EndProject
Project("{FAE04EC0-301F-11D3-BF4B-00C04F79EFBC}") = "Day17", "Day17\Day17.csproj", "{70AC9D80-7C57-45B2-BD83-142EADA0D315}"
EndProject
Project("{FAE04EC0-301F-11D3-BF4B-00C04F79EFBC}") = "Day17.Tests", "Day17.Tests\Day17.Tests.csproj", "{666FD3F5-3E9B-4CFD-A827-366CC4007528}"
EndProject
Project("{FAE04EC0-301F-11D3-BF4B-00C04F79EFBC}") = "Day18", "Day18\Day18.csproj", "{BC101504-F912-4B87-9929-3EBC29EF7CAA}"
EndProject
Project("{FAE04EC0-301F-11D3-BF4B-00C04F79EFBC}") = "Day18.Tests", "Day18.Tests\Day18.Tests.csproj", "{91EE6DF0-9DD4-4D5E-8CD8-198118F2829E}"
EndProject
Project("{FAE04EC0-301F-11D3-BF4B-00C04F79EFBC}") = "Day19", "Day19\Day19.csproj", "{98BA65C3-F587-4E38-8904-3BD00D0BE71C}"
EndProject
Project("{FAE04EC0-301F-11D3-BF4B-00C04F79EFBC}") = "Day19.Tests", "Day19.Tests\Day19.Tests.csproj", "{09120391-ACFD-4339-BFD2-3895296D8157}"
EndProject
Project("{FAE04EC0-301F-11D3-BF4B-00C04F79EFBC}") = "Day20", "Day20\Day20.csproj", "{F60665A7-32C8-4320-BBFE-DE8BDA84A764}"
EndProject
Project("{FAE04EC0-301F-11D3-BF4B-00C04F79EFBC}") = "Day20.Tests", "Day20.Tests\Day20.Tests.csproj", "{80C545ED-58B0-41A7-B192-A2B45D51F0D9}"
EndProject
Project("{FAE04EC0-301F-11D3-BF4B-00C04F79EFBC}") = "Day21", "Day21\Day21.csproj", "{230F8902-C9A3-4601-892B-DD345B0452E3}"
EndProject
Project("{FAE04EC0-301F-11D3-BF4B-00C04F79EFBC}") = "Day21.Tests", "Day21.Tests\Day21.Tests.csproj", "{F55F3124-A540-4E18-9463-B85B9A509F4A}"
EndProject
Project("{FAE04EC0-301F-11D3-BF4B-00C04F79EFBC}") = "Day22", "Day22\Day22.csproj", "{2063533B-9135-4010-9A3F-26493E4E0ADB}"
EndProject
Project("{FAE04EC0-301F-11D3-BF4B-00C04F79EFBC}") = "Day22.Tests", "Day22.Tests\Day22.Tests.csproj", "{2F249492-F660-4EFB-A434-223834DEA7F1}"
EndProject
Project("{FAE04EC0-301F-11D3-BF4B-00C04F79EFBC}") = "Day23", "Day23\Day23.csproj", "{20207EB3-D318-429E-B489-798D3B7BB90E}"
EndProject
Project("{FAE04EC0-301F-11D3-BF4B-00C04F79EFBC}") = "Day23.Tests", "Day23.Tests\Day23.Tests.csproj", "{C7F88820-D392-444B-B9DD-60E40C658F61}"
EndProject
Global
	GlobalSection(SolutionConfigurationPlatforms) = preSolution
		Debug|Any CPU = Debug|Any CPU
		Release|Any CPU = Release|Any CPU
	EndGlobalSection
	GlobalSection(ProjectConfigurationPlatforms) = postSolution
		{ABD55E33-35D5-41B1-A9AB-D41276AA191B}.Debug|Any CPU.ActiveCfg = Debug|Any CPU
		{ABD55E33-35D5-41B1-A9AB-D41276AA191B}.Debug|Any CPU.Build.0 = Debug|Any CPU
		{ABD55E33-35D5-41B1-A9AB-D41276AA191B}.Release|Any CPU.ActiveCfg = Release|Any CPU
		{ABD55E33-35D5-41B1-A9AB-D41276AA191B}.Release|Any CPU.Build.0 = Release|Any CPU
		{F5731ADC-8727-4FF3-9114-130E4E73321D}.Debug|Any CPU.ActiveCfg = Debug|Any CPU
		{F5731ADC-8727-4FF3-9114-130E4E73321D}.Debug|Any CPU.Build.0 = Debug|Any CPU
		{F5731ADC-8727-4FF3-9114-130E4E73321D}.Release|Any CPU.ActiveCfg = Release|Any CPU
		{F5731ADC-8727-4FF3-9114-130E4E73321D}.Release|Any CPU.Build.0 = Release|Any CPU
		{2E6A094C-66DB-420B-A2A0-ABB28252A006}.Debug|Any CPU.ActiveCfg = Debug|Any CPU
		{2E6A094C-66DB-420B-A2A0-ABB28252A006}.Debug|Any CPU.Build.0 = Debug|Any CPU
		{2E6A094C-66DB-420B-A2A0-ABB28252A006}.Release|Any CPU.ActiveCfg = Release|Any CPU
		{2E6A094C-66DB-420B-A2A0-ABB28252A006}.Release|Any CPU.Build.0 = Release|Any CPU
		{30091B5A-EDB6-446D-8110-1FC4EA64C5C2}.Debug|Any CPU.ActiveCfg = Debug|Any CPU
		{30091B5A-EDB6-446D-8110-1FC4EA64C5C2}.Debug|Any CPU.Build.0 = Debug|Any CPU
		{30091B5A-EDB6-446D-8110-1FC4EA64C5C2}.Release|Any CPU.ActiveCfg = Release|Any CPU
		{30091B5A-EDB6-446D-8110-1FC4EA64C5C2}.Release|Any CPU.Build.0 = Release|Any CPU
		{5A7FDE49-CF2C-43E3-94C8-78E675B56FB9}.Debug|Any CPU.ActiveCfg = Debug|Any CPU
		{5A7FDE49-CF2C-43E3-94C8-78E675B56FB9}.Debug|Any CPU.Build.0 = Debug|Any CPU
		{5A7FDE49-CF2C-43E3-94C8-78E675B56FB9}.Release|Any CPU.ActiveCfg = Release|Any CPU
		{5A7FDE49-CF2C-43E3-94C8-78E675B56FB9}.Release|Any CPU.Build.0 = Release|Any CPU
		{3E6DEEE5-636C-49D8-96D0-883ED109941C}.Debug|Any CPU.ActiveCfg = Debug|Any CPU
		{3E6DEEE5-636C-49D8-96D0-883ED109941C}.Debug|Any CPU.Build.0 = Debug|Any CPU
		{3E6DEEE5-636C-49D8-96D0-883ED109941C}.Release|Any CPU.ActiveCfg = Release|Any CPU
		{3E6DEEE5-636C-49D8-96D0-883ED109941C}.Release|Any CPU.Build.0 = Release|Any CPU
		{08640438-B1A6-4470-BADB-739BB232C439}.Debug|Any CPU.ActiveCfg = Debug|Any CPU
		{08640438-B1A6-4470-BADB-739BB232C439}.Debug|Any CPU.Build.0 = Debug|Any CPU
		{08640438-B1A6-4470-BADB-739BB232C439}.Release|Any CPU.ActiveCfg = Release|Any CPU
		{08640438-B1A6-4470-BADB-739BB232C439}.Release|Any CPU.Build.0 = Release|Any CPU
		{FC2D0B7B-D593-4B95-A900-AEF1E3D23F2D}.Debug|Any CPU.ActiveCfg = Debug|Any CPU
		{FC2D0B7B-D593-4B95-A900-AEF1E3D23F2D}.Debug|Any CPU.Build.0 = Debug|Any CPU
		{FC2D0B7B-D593-4B95-A900-AEF1E3D23F2D}.Release|Any CPU.ActiveCfg = Release|Any CPU
		{FC2D0B7B-D593-4B95-A900-AEF1E3D23F2D}.Release|Any CPU.Build.0 = Release|Any CPU
		{CF115B42-15DA-48E6-B512-1D7860EAADC6}.Debug|Any CPU.ActiveCfg = Debug|Any CPU
		{CF115B42-15DA-48E6-B512-1D7860EAADC6}.Debug|Any CPU.Build.0 = Debug|Any CPU
		{CF115B42-15DA-48E6-B512-1D7860EAADC6}.Release|Any CPU.ActiveCfg = Release|Any CPU
		{CF115B42-15DA-48E6-B512-1D7860EAADC6}.Release|Any CPU.Build.0 = Release|Any CPU
		{ABE2B775-9E4C-43AC-A393-59A1250935AD}.Debug|Any CPU.ActiveCfg = Debug|Any CPU
		{ABE2B775-9E4C-43AC-A393-59A1250935AD}.Debug|Any CPU.Build.0 = Debug|Any CPU
		{ABE2B775-9E4C-43AC-A393-59A1250935AD}.Release|Any CPU.ActiveCfg = Release|Any CPU
		{ABE2B775-9E4C-43AC-A393-59A1250935AD}.Release|Any CPU.Build.0 = Release|Any CPU
		{DDC57430-D2FA-4045-A23C-DB508F0893C8}.Debug|Any CPU.ActiveCfg = Debug|Any CPU
		{DDC57430-D2FA-4045-A23C-DB508F0893C8}.Debug|Any CPU.Build.0 = Debug|Any CPU
		{DDC57430-D2FA-4045-A23C-DB508F0893C8}.Release|Any CPU.ActiveCfg = Release|Any CPU
		{DDC57430-D2FA-4045-A23C-DB508F0893C8}.Release|Any CPU.Build.0 = Release|Any CPU
		{7AAFAD61-1B01-4D2A-B54F-CECA2F05C25B}.Debug|Any CPU.ActiveCfg = Debug|Any CPU
		{7AAFAD61-1B01-4D2A-B54F-CECA2F05C25B}.Debug|Any CPU.Build.0 = Debug|Any CPU
		{7AAFAD61-1B01-4D2A-B54F-CECA2F05C25B}.Release|Any CPU.ActiveCfg = Release|Any CPU
		{7AAFAD61-1B01-4D2A-B54F-CECA2F05C25B}.Release|Any CPU.Build.0 = Release|Any CPU
		{087495E9-FABE-4ACB-ACE4-CD28030D002E}.Debug|Any CPU.ActiveCfg = Debug|Any CPU
		{087495E9-FABE-4ACB-ACE4-CD28030D002E}.Debug|Any CPU.Build.0 = Debug|Any CPU
		{087495E9-FABE-4ACB-ACE4-CD28030D002E}.Release|Any CPU.ActiveCfg = Release|Any CPU
		{087495E9-FABE-4ACB-ACE4-CD28030D002E}.Release|Any CPU.Build.0 = Release|Any CPU
		{A285E6D1-5DE1-4D9E-B60E-68E6E10C96D0}.Debug|Any CPU.ActiveCfg = Debug|Any CPU
		{A285E6D1-5DE1-4D9E-B60E-68E6E10C96D0}.Debug|Any CPU.Build.0 = Debug|Any CPU
		{A285E6D1-5DE1-4D9E-B60E-68E6E10C96D0}.Release|Any CPU.ActiveCfg = Release|Any CPU
		{A285E6D1-5DE1-4D9E-B60E-68E6E10C96D0}.Release|Any CPU.Build.0 = Release|Any CPU
		{F607E57D-0978-467C-901E-CB62E469040F}.Debug|Any CPU.ActiveCfg = Debug|Any CPU
		{F607E57D-0978-467C-901E-CB62E469040F}.Debug|Any CPU.Build.0 = Debug|Any CPU
		{F607E57D-0978-467C-901E-CB62E469040F}.Release|Any CPU.ActiveCfg = Release|Any CPU
		{F607E57D-0978-467C-901E-CB62E469040F}.Release|Any CPU.Build.0 = Release|Any CPU
		{12AA6A8E-F011-4461-825A-9DFF42AB5FED}.Debug|Any CPU.ActiveCfg = Debug|Any CPU
		{12AA6A8E-F011-4461-825A-9DFF42AB5FED}.Debug|Any CPU.Build.0 = Debug|Any CPU
		{12AA6A8E-F011-4461-825A-9DFF42AB5FED}.Release|Any CPU.ActiveCfg = Release|Any CPU
		{12AA6A8E-F011-4461-825A-9DFF42AB5FED}.Release|Any CPU.Build.0 = Release|Any CPU
		{CB980C37-F606-4DBD-B237-870CF87A4B2A}.Debug|Any CPU.ActiveCfg = Debug|Any CPU
		{CB980C37-F606-4DBD-B237-870CF87A4B2A}.Debug|Any CPU.Build.0 = Debug|Any CPU
		{CB980C37-F606-4DBD-B237-870CF87A4B2A}.Release|Any CPU.ActiveCfg = Release|Any CPU
		{CB980C37-F606-4DBD-B237-870CF87A4B2A}.Release|Any CPU.Build.0 = Release|Any CPU
		{4C5E1F1E-CCBB-4A1F-AB4E-3014CAE7A097}.Debug|Any CPU.ActiveCfg = Debug|Any CPU
		{4C5E1F1E-CCBB-4A1F-AB4E-3014CAE7A097}.Debug|Any CPU.Build.0 = Debug|Any CPU
		{4C5E1F1E-CCBB-4A1F-AB4E-3014CAE7A097}.Release|Any CPU.ActiveCfg = Release|Any CPU
		{4C5E1F1E-CCBB-4A1F-AB4E-3014CAE7A097}.Release|Any CPU.Build.0 = Release|Any CPU
		{61CAE3DD-736F-4D9E-AE87-D297376072C8}.Debug|Any CPU.ActiveCfg = Debug|Any CPU
		{61CAE3DD-736F-4D9E-AE87-D297376072C8}.Debug|Any CPU.Build.0 = Debug|Any CPU
		{61CAE3DD-736F-4D9E-AE87-D297376072C8}.Release|Any CPU.ActiveCfg = Release|Any CPU
		{61CAE3DD-736F-4D9E-AE87-D297376072C8}.Release|Any CPU.Build.0 = Release|Any CPU
		{754356DC-15E9-4F86-85C9-F65858F917D7}.Debug|Any CPU.ActiveCfg = Debug|Any CPU
		{754356DC-15E9-4F86-85C9-F65858F917D7}.Debug|Any CPU.Build.0 = Debug|Any CPU
		{754356DC-15E9-4F86-85C9-F65858F917D7}.Release|Any CPU.ActiveCfg = Release|Any CPU
		{754356DC-15E9-4F86-85C9-F65858F917D7}.Release|Any CPU.Build.0 = Release|Any CPU
		{4216C0FB-CCFB-43AD-B6FE-F64FE91AE389}.Debug|Any CPU.ActiveCfg = Debug|Any CPU
		{4216C0FB-CCFB-43AD-B6FE-F64FE91AE389}.Debug|Any CPU.Build.0 = Debug|Any CPU
		{4216C0FB-CCFB-43AD-B6FE-F64FE91AE389}.Release|Any CPU.ActiveCfg = Release|Any CPU
		{4216C0FB-CCFB-43AD-B6FE-F64FE91AE389}.Release|Any CPU.Build.0 = Release|Any CPU
		{E09F8096-A336-4671-A3BB-34DA781125E1}.Debug|Any CPU.ActiveCfg = Debug|Any CPU
		{E09F8096-A336-4671-A3BB-34DA781125E1}.Debug|Any CPU.Build.0 = Debug|Any CPU
		{E09F8096-A336-4671-A3BB-34DA781125E1}.Release|Any CPU.ActiveCfg = Release|Any CPU
		{E09F8096-A336-4671-A3BB-34DA781125E1}.Release|Any CPU.Build.0 = Release|Any CPU
		{1431CF82-5EBF-4BC7-9EC8-4F44B07364E9}.Debug|Any CPU.ActiveCfg = Debug|Any CPU
		{1431CF82-5EBF-4BC7-9EC8-4F44B07364E9}.Debug|Any CPU.Build.0 = Debug|Any CPU
		{1431CF82-5EBF-4BC7-9EC8-4F44B07364E9}.Release|Any CPU.ActiveCfg = Release|Any CPU
		{1431CF82-5EBF-4BC7-9EC8-4F44B07364E9}.Release|Any CPU.Build.0 = Release|Any CPU
		{55348CEB-EE7A-4C91-9BDD-8B13A142290F}.Debug|Any CPU.ActiveCfg = Debug|Any CPU
		{55348CEB-EE7A-4C91-9BDD-8B13A142290F}.Debug|Any CPU.Build.0 = Debug|Any CPU
		{55348CEB-EE7A-4C91-9BDD-8B13A142290F}.Release|Any CPU.ActiveCfg = Release|Any CPU
		{55348CEB-EE7A-4C91-9BDD-8B13A142290F}.Release|Any CPU.Build.0 = Release|Any CPU
		{AF99A437-2A6E-4D48-B86C-EA713C3B5C48}.Debug|Any CPU.ActiveCfg = Debug|Any CPU
		{AF99A437-2A6E-4D48-B86C-EA713C3B5C48}.Debug|Any CPU.Build.0 = Debug|Any CPU
		{AF99A437-2A6E-4D48-B86C-EA713C3B5C48}.Release|Any CPU.ActiveCfg = Release|Any CPU
		{AF99A437-2A6E-4D48-B86C-EA713C3B5C48}.Release|Any CPU.Build.0 = Release|Any CPU
		{C613F5D5-A483-4FA9-828F-F65AC001F67F}.Debug|Any CPU.ActiveCfg = Debug|Any CPU
		{C613F5D5-A483-4FA9-828F-F65AC001F67F}.Debug|Any CPU.Build.0 = Debug|Any CPU
		{C613F5D5-A483-4FA9-828F-F65AC001F67F}.Release|Any CPU.ActiveCfg = Release|Any CPU
		{C613F5D5-A483-4FA9-828F-F65AC001F67F}.Release|Any CPU.Build.0 = Release|Any CPU
		{0A05428D-3C8C-477C-A209-A0062F969A9B}.Debug|Any CPU.ActiveCfg = Debug|Any CPU
		{0A05428D-3C8C-477C-A209-A0062F969A9B}.Debug|Any CPU.Build.0 = Debug|Any CPU
		{0A05428D-3C8C-477C-A209-A0062F969A9B}.Release|Any CPU.ActiveCfg = Release|Any CPU
		{0A05428D-3C8C-477C-A209-A0062F969A9B}.Release|Any CPU.Build.0 = Release|Any CPU
		{FE6731D9-7DBD-4BC5-B5BC-9BF6DF6A26B0}.Debug|Any CPU.ActiveCfg = Debug|Any CPU
		{FE6731D9-7DBD-4BC5-B5BC-9BF6DF6A26B0}.Debug|Any CPU.Build.0 = Debug|Any CPU
		{FE6731D9-7DBD-4BC5-B5BC-9BF6DF6A26B0}.Release|Any CPU.ActiveCfg = Release|Any CPU
		{FE6731D9-7DBD-4BC5-B5BC-9BF6DF6A26B0}.Release|Any CPU.Build.0 = Release|Any CPU
		{2EEDE1B8-7397-450F-9809-B1E763D023CD}.Debug|Any CPU.ActiveCfg = Debug|Any CPU
		{2EEDE1B8-7397-450F-9809-B1E763D023CD}.Debug|Any CPU.Build.0 = Debug|Any CPU
		{2EEDE1B8-7397-450F-9809-B1E763D023CD}.Release|Any CPU.ActiveCfg = Release|Any CPU
		{2EEDE1B8-7397-450F-9809-B1E763D023CD}.Release|Any CPU.Build.0 = Release|Any CPU
		{68C1F495-8802-405D-800F-7773D239A94D}.Debug|Any CPU.ActiveCfg = Debug|Any CPU
		{68C1F495-8802-405D-800F-7773D239A94D}.Debug|Any CPU.Build.0 = Debug|Any CPU
		{68C1F495-8802-405D-800F-7773D239A94D}.Release|Any CPU.ActiveCfg = Release|Any CPU
		{68C1F495-8802-405D-800F-7773D239A94D}.Release|Any CPU.Build.0 = Release|Any CPU
		{70AC9D80-7C57-45B2-BD83-142EADA0D315}.Debug|Any CPU.ActiveCfg = Debug|Any CPU
		{70AC9D80-7C57-45B2-BD83-142EADA0D315}.Debug|Any CPU.Build.0 = Debug|Any CPU
		{70AC9D80-7C57-45B2-BD83-142EADA0D315}.Release|Any CPU.ActiveCfg = Release|Any CPU
		{70AC9D80-7C57-45B2-BD83-142EADA0D315}.Release|Any CPU.Build.0 = Release|Any CPU
		{666FD3F5-3E9B-4CFD-A827-366CC4007528}.Debug|Any CPU.ActiveCfg = Debug|Any CPU
		{666FD3F5-3E9B-4CFD-A827-366CC4007528}.Debug|Any CPU.Build.0 = Debug|Any CPU
		{666FD3F5-3E9B-4CFD-A827-366CC4007528}.Release|Any CPU.ActiveCfg = Release|Any CPU
		{666FD3F5-3E9B-4CFD-A827-366CC4007528}.Release|Any CPU.Build.0 = Release|Any CPU
		{BC101504-F912-4B87-9929-3EBC29EF7CAA}.Debug|Any CPU.ActiveCfg = Debug|Any CPU
		{BC101504-F912-4B87-9929-3EBC29EF7CAA}.Debug|Any CPU.Build.0 = Debug|Any CPU
		{BC101504-F912-4B87-9929-3EBC29EF7CAA}.Release|Any CPU.ActiveCfg = Release|Any CPU
		{BC101504-F912-4B87-9929-3EBC29EF7CAA}.Release|Any CPU.Build.0 = Release|Any CPU
		{91EE6DF0-9DD4-4D5E-8CD8-198118F2829E}.Debug|Any CPU.ActiveCfg = Debug|Any CPU
		{91EE6DF0-9DD4-4D5E-8CD8-198118F2829E}.Debug|Any CPU.Build.0 = Debug|Any CPU
		{91EE6DF0-9DD4-4D5E-8CD8-198118F2829E}.Release|Any CPU.ActiveCfg = Release|Any CPU
		{91EE6DF0-9DD4-4D5E-8CD8-198118F2829E}.Release|Any CPU.Build.0 = Release|Any CPU
		{98BA65C3-F587-4E38-8904-3BD00D0BE71C}.Debug|Any CPU.ActiveCfg = Debug|Any CPU
		{98BA65C3-F587-4E38-8904-3BD00D0BE71C}.Debug|Any CPU.Build.0 = Debug|Any CPU
		{98BA65C3-F587-4E38-8904-3BD00D0BE71C}.Release|Any CPU.ActiveCfg = Release|Any CPU
		{98BA65C3-F587-4E38-8904-3BD00D0BE71C}.Release|Any CPU.Build.0 = Release|Any CPU
		{09120391-ACFD-4339-BFD2-3895296D8157}.Debug|Any CPU.ActiveCfg = Debug|Any CPU
		{09120391-ACFD-4339-BFD2-3895296D8157}.Debug|Any CPU.Build.0 = Debug|Any CPU
		{09120391-ACFD-4339-BFD2-3895296D8157}.Release|Any CPU.ActiveCfg = Release|Any CPU
		{09120391-ACFD-4339-BFD2-3895296D8157}.Release|Any CPU.Build.0 = Release|Any CPU
		{F60665A7-32C8-4320-BBFE-DE8BDA84A764}.Debug|Any CPU.ActiveCfg = Debug|Any CPU
		{F60665A7-32C8-4320-BBFE-DE8BDA84A764}.Debug|Any CPU.Build.0 = Debug|Any CPU
		{F60665A7-32C8-4320-BBFE-DE8BDA84A764}.Release|Any CPU.ActiveCfg = Release|Any CPU
		{F60665A7-32C8-4320-BBFE-DE8BDA84A764}.Release|Any CPU.Build.0 = Release|Any CPU
		{80C545ED-58B0-41A7-B192-A2B45D51F0D9}.Debug|Any CPU.ActiveCfg = Debug|Any CPU
		{80C545ED-58B0-41A7-B192-A2B45D51F0D9}.Debug|Any CPU.Build.0 = Debug|Any CPU
		{80C545ED-58B0-41A7-B192-A2B45D51F0D9}.Release|Any CPU.ActiveCfg = Release|Any CPU
		{80C545ED-58B0-41A7-B192-A2B45D51F0D9}.Release|Any CPU.Build.0 = Release|Any CPU
		{230F8902-C9A3-4601-892B-DD345B0452E3}.Debug|Any CPU.ActiveCfg = Debug|Any CPU
		{230F8902-C9A3-4601-892B-DD345B0452E3}.Debug|Any CPU.Build.0 = Debug|Any CPU
		{230F8902-C9A3-4601-892B-DD345B0452E3}.Release|Any CPU.ActiveCfg = Release|Any CPU
		{230F8902-C9A3-4601-892B-DD345B0452E3}.Release|Any CPU.Build.0 = Release|Any CPU
		{F55F3124-A540-4E18-9463-B85B9A509F4A}.Debug|Any CPU.ActiveCfg = Debug|Any CPU
		{F55F3124-A540-4E18-9463-B85B9A509F4A}.Debug|Any CPU.Build.0 = Debug|Any CPU
		{F55F3124-A540-4E18-9463-B85B9A509F4A}.Release|Any CPU.ActiveCfg = Release|Any CPU
		{F55F3124-A540-4E18-9463-B85B9A509F4A}.Release|Any CPU.Build.0 = Release|Any CPU
		{2063533B-9135-4010-9A3F-26493E4E0ADB}.Debug|Any CPU.ActiveCfg = Debug|Any CPU
		{2063533B-9135-4010-9A3F-26493E4E0ADB}.Debug|Any CPU.Build.0 = Debug|Any CPU
		{2063533B-9135-4010-9A3F-26493E4E0ADB}.Release|Any CPU.ActiveCfg = Release|Any CPU
		{2063533B-9135-4010-9A3F-26493E4E0ADB}.Release|Any CPU.Build.0 = Release|Any CPU
		{2F249492-F660-4EFB-A434-223834DEA7F1}.Debug|Any CPU.ActiveCfg = Debug|Any CPU
		{2F249492-F660-4EFB-A434-223834DEA7F1}.Debug|Any CPU.Build.0 = Debug|Any CPU
		{2F249492-F660-4EFB-A434-223834DEA7F1}.Release|Any CPU.ActiveCfg = Release|Any CPU
		{2F249492-F660-4EFB-A434-223834DEA7F1}.Release|Any CPU.Build.0 = Release|Any CPU
		{20207EB3-D318-429E-B489-798D3B7BB90E}.Debug|Any CPU.ActiveCfg = Debug|Any CPU
		{20207EB3-D318-429E-B489-798D3B7BB90E}.Debug|Any CPU.Build.0 = Debug|Any CPU
		{20207EB3-D318-429E-B489-798D3B7BB90E}.Release|Any CPU.ActiveCfg = Release|Any CPU
		{20207EB3-D318-429E-B489-798D3B7BB90E}.Release|Any CPU.Build.0 = Release|Any CPU
		{C7F88820-D392-444B-B9DD-60E40C658F61}.Debug|Any CPU.ActiveCfg = Debug|Any CPU
		{C7F88820-D392-444B-B9DD-60E40C658F61}.Debug|Any CPU.Build.0 = Debug|Any CPU
		{C7F88820-D392-444B-B9DD-60E40C658F61}.Release|Any CPU.ActiveCfg = Release|Any CPU
		{C7F88820-D392-444B-B9DD-60E40C658F61}.Release|Any CPU.Build.0 = Release|Any CPU
	EndGlobalSection
	GlobalSection(SolutionProperties) = preSolution
		HideSolutionNode = FALSE
	EndGlobalSection
EndGlobal
